
Microsoft Visual Studio Solution File, Format Version 12.00
# Visual Studio Version 17
VisualStudioVersion = 17.2.32602.215
MinimumVisualStudioVersion = 10.0.40219.1
Project("{FAE04EC0-301F-11D3-BF4B-00C04F79EFBC}") = "Codility", "Codility.csproj", "{67290BF5-C56B-48FD-A6F0-B1FA3E8C1666}"
EndProject
Global
	GlobalSection(SolutionConfigurationPlatforms) = preSolution
		Debug|Any CPU = Debug|Any CPU
		Release|Any CPU = Release|Any CPU
	EndGlobalSection
	GlobalSection(ProjectConfigurationPlatforms) = postSolution
		{67290BF5-C56B-48FD-A6F0-B1FA3E8C1666}.Debug|Any CPU.ActiveCfg = Debug|Any CPU
		{67290BF5-C56B-48FD-A6F0-B1FA3E8C1666}.Debug|Any CPU.Build.0 = Debug|Any CPU
		{67290BF5-C56B-48FD-A6F0-B1FA3E8C1666}.Release|Any CPU.ActiveCfg = Release|Any CPU
		{67290BF5-C56B-48FD-A6F0-B1FA3E8C1666}.Release|Any CPU.Build.0 = Release|Any CPU
	EndGlobalSection
	GlobalSection(SolutionProperties) = preSolution
		HideSolutionNode = FALSE
	EndGlobalSection
	GlobalSection(ExtensibilityGlobals) = postSolution
		SolutionGuid = {042F2EA1-BFB9-490F-9E15-1CEE66DC9928}
	EndGlobalSection
EndGlobal
